# THIS IS AN AUTOGENERATED FILE. DO NOT EDIT THIS FILE DIRECTLY.
# yarn lockfile v1


ruby-3_2-wasm-wasi@^1.0.1:
  version "1.0.1"
  resolved "https://registry.yarnpkg.com/ruby-3_2-wasm-wasi/-/ruby-3_2-wasm-wasi-1.0.1.tgz#4ac41b3e2bfe15c8f1f9810162900d9cef138390"
  integrity sha512-9y1g88fPfJ/bvPv+9cD2FJ6h7Cr9b95nNJLqUc4CzE0Q7FfN7Qs9+EcXVNnl8eizl1aisZPuUEeTCNCY9UVLpQ==

unloosen-ruby-loader@^0.1.2:
  version "0.1.2"
  resolved "https://registry.yarnpkg.com/unloosen-ruby-loader/-/unloosen-ruby-loader-0.1.2.tgz#45b4b15aa79510ef9a59b4d3d06923adf24c6502"
  integrity sha512-g62BnSue7ifIz5XvpNPz7ubbrJBULWma3SoVZa8rfm7pest0dKshjK1nHgBklrnoyJklLSMjzLAuayrD697QMA==
  dependencies:
    ruby-3_2-wasm-wasi "^1.0.1"
